// !$*UTF8*$!
{
	archiveVersion = 1;
	classes = {
	};
	objectVersion = 55;
	objects = {

/* Begin PBXBuildFile section */
		4093B95428CE249400142DD3 /* AppDelegate.swift in Sources */ = {isa = PBXBuildFile; fileRef = 4093B95328CE249400142DD3 /* AppDelegate.swift */; };
		4093B95628CE249400142DD3 /* SceneDelegate.swift in Sources */ = {isa = PBXBuildFile; fileRef = 4093B95528CE249400142DD3 /* SceneDelegate.swift */; };
		4093B95828CE249400142DD3 /* ShoppingListViewController.swift in Sources */ = {isa = PBXBuildFile; fileRef = 4093B95728CE249400142DD3 /* ShoppingListViewController.swift */; };
		4093B95B28CE249400142DD3 /* Main.storyboard in Resources */ = {isa = PBXBuildFile; fileRef = 4093B95928CE249400142DD3 /* Main.storyboard */; };
		4093B95E28CE249400142DD3 /* iOS_Capability_Final_Project.xcdatamodeld in Sources */ = {isa = PBXBuildFile; fileRef = 4093B95C28CE249400142DD3 /* iOS_Capability_Final_Project.xcdatamodeld */; };
		4093B96028CE249700142DD3 /* Assets.xcassets in Resources */ = {isa = PBXBuildFile; fileRef = 4093B95F28CE249700142DD3 /* Assets.xcassets */; };
		4093B96328CE249700142DD3 /* LaunchScreen.storyboard in Resources */ = {isa = PBXBuildFile; fileRef = 4093B96128CE249700142DD3 /* LaunchScreen.storyboard */; };
		4093B96E28CE2F1700142DD3 /* ShoppingItem.swift in Sources */ = {isa = PBXBuildFile; fileRef = 4093B96D28CE2F1700142DD3 /* ShoppingItem.swift */; };
		4093B97128CE3EAB00142DD3 /* Constants.swift in Sources */ = {isa = PBXBuildFile; fileRef = 4093B97028CE3EAB00142DD3 /* Constants.swift */; };
		4093B97428CE402900142DD3 /* ShoppingItemCell.swift in Sources */ = {isa = PBXBuildFile; fileRef = 4093B97328CE402900142DD3 /* ShoppingItemCell.swift */; };
		4093B97728CE42AA00142DD3 /* Double+Extensions.swift in Sources */ = {isa = PBXBuildFile; fileRef = 4093B97628CE42AA00142DD3 /* Double+Extensions.swift */; };
		4093B97928CE48F900142DD3 /* ImageUtil.swift in Sources */ = {isa = PBXBuildFile; fileRef = 4093B97828CE48F900142DD3 /* ImageUtil.swift */; };
		4093B97D28CE4CA200142DD3 /* BaseAPI.swift in Sources */ = {isa = PBXBuildFile; fileRef = 4093B97C28CE4CA200142DD3 /* BaseAPI.swift */; };
		4093B97F28CE4D5200142DD3 /* ShoppingItemAPI.swift in Sources */ = {isa = PBXBuildFile; fileRef = 4093B97E28CE4D5200142DD3 /* ShoppingItemAPI.swift */; };
		40C00A7B28CE668B009F997D /* CacheManager.swift in Sources */ = {isa = PBXBuildFile; fileRef = 40C00A7A28CE668B009F997D /* CacheManager.swift */; };
		40C00A7E28CE9074009F997D /* ShoppingItemDetailViewController.swift in Sources */ = {isa = PBXBuildFile; fileRef = 40C00A7D28CE9074009F997D /* ShoppingItemDetailViewController.swift */; };
		40C00A8028CE944D009F997D /* ImageView+Extensions.swift in Sources */ = {isa = PBXBuildFile; fileRef = 40C00A7F28CE944D009F997D /* ImageView+Extensions.swift */; };
/* End PBXBuildFile section */

/* Begin PBXFileReference section */
		4093B95028CE249400142DD3 /* iOS Capability Final Project.app */ = {isa = PBXFileReference; explicitFileType = wrapper.application; includeInIndex = 0; path = "iOS Capability Final Project.app"; sourceTree = BUILT_PRODUCTS_DIR; };
		4093B95328CE249400142DD3 /* AppDelegate.swift */ = {isa = PBXFileReference; lastKnownFileType = sourcecode.swift; path = AppDelegate.swift; sourceTree = "<group>"; };
		4093B95528CE249400142DD3 /* SceneDelegate.swift */ = {isa = PBXFileReference; lastKnownFileType = sourcecode.swift; path = SceneDelegate.swift; sourceTree = "<group>"; };
		4093B95728CE249400142DD3 /* ShoppingListViewController.swift */ = {isa = PBXFileReference; lastKnownFileType = sourcecode.swift; path = ShoppingListViewController.swift; sourceTree = "<group>"; };
		4093B95A28CE249400142DD3 /* Base */ = {isa = PBXFileReference; lastKnownFileType = file.storyboard; name = Base; path = Base.lproj/Main.storyboard; sourceTree = "<group>"; };
		4093B95D28CE249400142DD3 /* iOS_Capability_Final_Project.xcdatamodel */ = {isa = PBXFileReference; lastKnownFileType = wrapper.xcdatamodel; path = iOS_Capability_Final_Project.xcdatamodel; sourceTree = "<group>"; };
		4093B95F28CE249700142DD3 /* Assets.xcassets */ = {isa = PBXFileReference; lastKnownFileType = folder.assetcatalog; path = Assets.xcassets; sourceTree = "<group>"; };
		4093B96228CE249700142DD3 /* Base */ = {isa = PBXFileReference; lastKnownFileType = file.storyboard; name = Base; path = Base.lproj/LaunchScreen.storyboard; sourceTree = "<group>"; };
		4093B96428CE249700142DD3 /* Info.plist */ = {isa = PBXFileReference; lastKnownFileType = text.plist.xml; path = Info.plist; sourceTree = "<group>"; };
		4093B96D28CE2F1700142DD3 /* ShoppingItem.swift */ = {isa = PBXFileReference; lastKnownFileType = sourcecode.swift; path = ShoppingItem.swift; sourceTree = "<group>"; };
		4093B97028CE3EAB00142DD3 /* Constants.swift */ = {isa = PBXFileReference; lastKnownFileType = sourcecode.swift; path = Constants.swift; sourceTree = "<group>"; };
		4093B97328CE402900142DD3 /* ShoppingItemCell.swift */ = {isa = PBXFileReference; lastKnownFileType = sourcecode.swift; path = ShoppingItemCell.swift; sourceTree = "<group>"; };
		4093B97628CE42AA00142DD3 /* Double+Extensions.swift */ = {isa = PBXFileReference; lastKnownFileType = sourcecode.swift; path = "Double+Extensions.swift"; sourceTree = "<group>"; };
		4093B97828CE48F900142DD3 /* ImageUtil.swift */ = {isa = PBXFileReference; lastKnownFileType = sourcecode.swift; path = ImageUtil.swift; sourceTree = "<group>"; };
		4093B97C28CE4CA200142DD3 /* BaseAPI.swift */ = {isa = PBXFileReference; lastKnownFileType = sourcecode.swift; path = BaseAPI.swift; sourceTree = "<group>"; };
		4093B97E28CE4D5200142DD3 /* ShoppingItemAPI.swift */ = {isa = PBXFileReference; lastKnownFileType = sourcecode.swift; path = ShoppingItemAPI.swift; sourceTree = "<group>"; };
		40C00A7A28CE668B009F997D /* CacheManager.swift */ = {isa = PBXFileReference; lastKnownFileType = sourcecode.swift; path = CacheManager.swift; sourceTree = "<group>"; };
		40C00A7D28CE9074009F997D /* ShoppingItemDetailViewController.swift */ = {isa = PBXFileReference; lastKnownFileType = sourcecode.swift; path = ShoppingItemDetailViewController.swift; sourceTree = "<group>"; };
		40C00A7F28CE944D009F997D /* ImageView+Extensions.swift */ = {isa = PBXFileReference; lastKnownFileType = sourcecode.swift; path = "ImageView+Extensions.swift"; sourceTree = "<group>"; };
/* End PBXFileReference section */

/* Begin PBXFrameworksBuildPhase section */
		4093B94D28CE249400142DD3 /* Frameworks */ = {
			isa = PBXFrameworksBuildPhase;
			buildActionMask = 2147483647;
			files = (
			);
			runOnlyForDeploymentPostprocessing = 0;
		};
/* End PBXFrameworksBuildPhase section */

/* Begin PBXGroup section */
		4093B94728CE249400142DD3 = {
			isa = PBXGroup;
			children = (
				4093B95228CE249400142DD3 /* iOS Capability Final Project */,
				4093B95128CE249400142DD3 /* Products */,
			);
			sourceTree = "<group>";
		};
		4093B95128CE249400142DD3 /* Products */ = {
			isa = PBXGroup;
			children = (
				4093B95028CE249400142DD3 /* iOS Capability Final Project.app */,
			);
			name = Products;
			sourceTree = "<group>";
		};
		4093B95228CE249400142DD3 /* iOS Capability Final Project */ = {
			isa = PBXGroup;
			children = (
				4093B97A28CE4BE600142DD3 /* Data */,
				4093B96C28CE2EE800142DD3 /* Models */,
				4093B97228CE3FDC00142DD3 /* Views */,
				4093B96A28CE2E7000142DD3 /* Controllers */,
				4093B96F28CE3E9000142DD3 /* Utils */,
				4093B96B28CE2E9800142DD3 /* Storyboards */,
				4093B95328CE249400142DD3 /* AppDelegate.swift */,
				4093B95528CE249400142DD3 /* SceneDelegate.swift */,
				4093B95F28CE249700142DD3 /* Assets.xcassets */,
				4093B96428CE249700142DD3 /* Info.plist */,
				4093B95C28CE249400142DD3 /* iOS_Capability_Final_Project.xcdatamodeld */,
			);
			path = "iOS Capability Final Project";
			sourceTree = "<group>";
		};
		4093B96A28CE2E7000142DD3 /* Controllers */ = {
			isa = PBXGroup;
			children = (
				4093B95728CE249400142DD3 /* ShoppingListViewController.swift */,
				40C00A7D28CE9074009F997D /* ShoppingItemDetailViewController.swift */,
			);
			path = Controllers;
			sourceTree = "<group>";
		};
		4093B96B28CE2E9800142DD3 /* Storyboards */ = {
			isa = PBXGroup;
			children = (
				4093B95928CE249400142DD3 /* Main.storyboard */,
				4093B96128CE249700142DD3 /* LaunchScreen.storyboard */,
			);
			path = Storyboards;
			sourceTree = "<group>";
		};
		4093B96C28CE2EE800142DD3 /* Models */ = {
			isa = PBXGroup;
			children = (
				4093B96D28CE2F1700142DD3 /* ShoppingItem.swift */,
			);
			path = Models;
			sourceTree = "<group>";
		};
		4093B96F28CE3E9000142DD3 /* Utils */ = {
			isa = PBXGroup;
			children = (
				40C00A7C28CE7308009F997D /* Constants */,
				4093B97528CE428700142DD3 /* Extensions */,
				4093B97828CE48F900142DD3 /* ImageUtil.swift */,
			);
			path = Utils;
			sourceTree = "<group>";
		};
		4093B97228CE3FDC00142DD3 /* Views */ = {
			isa = PBXGroup;
			children = (
				4093B97328CE402900142DD3 /* ShoppingItemCell.swift */,
			);
			path = Views;
			sourceTree = "<group>";
		};
		4093B97528CE428700142DD3 /* Extensions */ = {
			isa = PBXGroup;
			children = (
				4093B97628CE42AA00142DD3 /* Double+Extensions.swift */,
				40C00A7F28CE944D009F997D /* ImageView+Extensions.swift */,
			);
			path = Extensions;
			sourceTree = "<group>";
		};
		4093B97A28CE4BE600142DD3 /* Data */ = {
			isa = PBXGroup;
			children = (
				40C00A7928CE666A009F997D /* Cache */,
				4093B97B28CE4BF100142DD3 /* Network */,
			);
			path = Data;
			sourceTree = "<group>";
		};
		4093B97B28CE4BF100142DD3 /* Network */ = {
			isa = PBXGroup;
			children = (
				4093B97C28CE4CA200142DD3 /* BaseAPI.swift */,
				4093B97E28CE4D5200142DD3 /* ShoppingItemAPI.swift */,
			);
			path = Network;
			sourceTree = "<group>";
		};
		40C00A7928CE666A009F997D /* Cache */ = {
			isa = PBXGroup;
			children = (
				40C00A7A28CE668B009F997D /* CacheManager.swift */,
			);
			path = Cache;
			sourceTree = "<group>";
		};
		40C00A7C28CE7308009F997D /* Constants */ = {
			isa = PBXGroup;
			children = (
				4093B97028CE3EAB00142DD3 /* Constants.swift */,
			);
			path = Constants;
			sourceTree = "<group>";
		};
/* End PBXGroup section */

/* Begin PBXNativeTarget section */
		4093B94F28CE249400142DD3 /* iOS Capability Final Project */ = {
			isa = PBXNativeTarget;
			buildConfigurationList = 4093B96728CE249700142DD3 /* Build configuration list for PBXNativeTarget "iOS Capability Final Project" */;
			buildPhases = (
				4093B94C28CE249400142DD3 /* Sources */,
				4093B94D28CE249400142DD3 /* Frameworks */,
				4093B94E28CE249400142DD3 /* Resources */,
			);
			buildRules = (
			);
			dependencies = (
			);
			name = "iOS Capability Final Project";
			productName = "iOS Capability Final Project";
			productReference = 4093B95028CE249400142DD3 /* iOS Capability Final Project.app */;
			productType = "com.apple.product-type.application";
		};
/* End PBXNativeTarget section */

/* Begin PBXProject section */
		4093B94828CE249400142DD3 /* Project object */ = {
			isa = PBXProject;
			attributes = {
				BuildIndependentTargetsInParallel = 1;
				LastSwiftUpdateCheck = 1340;
				LastUpgradeCheck = 1340;
				TargetAttributes = {
					4093B94F28CE249400142DD3 = {
						CreatedOnToolsVersion = 13.4.1;
					};
				};
			};
			buildConfigurationList = 4093B94B28CE249400142DD3 /* Build configuration list for PBXProject "iOS Capability Final Project" */;
			compatibilityVersion = "Xcode 13.0";
			developmentRegion = en;
			hasScannedForEncodings = 0;
			knownRegions = (
				en,
				Base,
			);
			mainGroup = 4093B94728CE249400142DD3;
			productRefGroup = 4093B95128CE249400142DD3 /* Products */;
			projectDirPath = "";
			projectRoot = "";
			targets = (
				4093B94F28CE249400142DD3 /* iOS Capability Final Project */,
			);
		};
/* End PBXProject section */

/* Begin PBXResourcesBuildPhase section */
		4093B94E28CE249400142DD3 /* Resources */ = {
			isa = PBXResourcesBuildPhase;
			buildActionMask = 2147483647;
			files = (
				4093B96328CE249700142DD3 /* LaunchScreen.storyboard in Resources */,
				4093B96028CE249700142DD3 /* Assets.xcassets in Resources */,
				4093B95B28CE249400142DD3 /* Main.storyboard in Resources */,
			);
			runOnlyForDeploymentPostprocessing = 0;
		};
/* End PBXResourcesBuildPhase section */

/* Begin PBXSourcesBuildPhase section */
		4093B94C28CE249400142DD3 /* Sources */ = {
			isa = PBXSourcesBuildPhase;
			buildActionMask = 2147483647;
			files = (
				4093B95E28CE249400142DD3 /* iOS_Capability_Final_Project.xcdatamodeld in Sources */,
				4093B97F28CE4D5200142DD3 /* ShoppingItemAPI.swift in Sources */,
				4093B97428CE402900142DD3 /* ShoppingItemCell.swift in Sources */,
				4093B97928CE48F900142DD3 /* ImageUtil.swift in Sources */,
				4093B97D28CE4CA200142DD3 /* BaseAPI.swift in Sources */,
				4093B96E28CE2F1700142DD3 /* ShoppingItem.swift in Sources */,
				40C00A7E28CE9074009F997D /* ShoppingItemDetailViewController.swift in Sources */,
				4093B95828CE249400142DD3 /* ShoppingListViewController.swift in Sources */,
				4093B95428CE249400142DD3 /* AppDelegate.swift in Sources */,
				4093B95628CE249400142DD3 /* SceneDelegate.swift in Sources */,
				40C00A8028CE944D009F997D /* ImageView+Extensions.swift in Sources */,
				40C00A7B28CE668B009F997D /* CacheManager.swift in Sources */,
				4093B97128CE3EAB00142DD3 /* Constants.swift in Sources */,
				4093B97728CE42AA00142DD3 /* Double+Extensions.swift in Sources */,
			);
			runOnlyForDeploymentPostprocessing = 0;
		};
/* End PBXSourcesBuildPhase section */

/* Begin PBXVariantGroup section */
		4093B95928CE249400142DD3 /* Main.storyboard */ = {
			isa = PBXVariantGroup;
			children = (
				4093B95A28CE249400142DD3 /* Base */,
			);
			name = Main.storyboard;
			sourceTree = "<group>";
		};
		4093B96128CE249700142DD3 /* LaunchScreen.storyboard */ = {
			isa = PBXVariantGroup;
			children = (
				4093B96228CE249700142DD3 /* Base */,
			);
			name = LaunchScreen.storyboard;
			sourceTree = "<group>";
		};
/* End PBXVariantGroup section */

/* Begin XCBuildConfiguration section */
		4093B96528CE249700142DD3 /* Debug */ = {
			isa = XCBuildConfiguration;
			buildSettings = {
				ALWAYS_SEARCH_USER_PATHS = NO;
				ASSETCATALOG_COMPILER_GLOBAL_ACCENT_COLOR_NAME = "";
				CLANG_ANALYZER_NONNULL = YES;
				CLANG_ANALYZER_NUMBER_OBJECT_CONVERSION = YES_AGGRESSIVE;
				CLANG_CXX_LANGUAGE_STANDARD = "gnu++17";
				CLANG_ENABLE_MODULES = YES;
				CLANG_ENABLE_OBJC_ARC = YES;
				CLANG_ENABLE_OBJC_WEAK = YES;
				CLANG_WARN_BLOCK_CAPTURE_AUTORELEASING = YES;
				CLANG_WARN_BOOL_CONVERSION = YES;
				CLANG_WARN_COMMA = YES;
				CLANG_WARN_CONSTANT_CONVERSION = YES;
				CLANG_WARN_DEPRECATED_OBJC_IMPLEMENTATIONS = YES;
				CLANG_WARN_DIRECT_OBJC_ISA_USAGE = YES_ERROR;
				CLANG_WARN_DOCUMENTATION_COMMENTS = YES;
				CLANG_WARN_EMPTY_BODY = YES;
				CLANG_WARN_ENUM_CONVERSION = YES;
				CLANG_WARN_INFINITE_RECURSION = YES;
				CLANG_WARN_INT_CONVERSION = YES;
				CLANG_WARN_NON_LITERAL_NULL_CONVERSION = YES;
				CLANG_WARN_OBJC_IMPLICIT_RETAIN_SELF = YES;
				CLANG_WARN_OBJC_LITERAL_CONVERSION = YES;
				CLANG_WARN_OBJC_ROOT_CLASS = YES_ERROR;
				CLANG_WARN_QUOTED_INCLUDE_IN_FRAMEWORK_HEADER = YES;
				CLANG_WARN_RANGE_LOOP_ANALYSIS = YES;
				CLANG_WARN_STRICT_PROTOTYPES = YES;
				CLANG_WARN_SUSPICIOUS_MOVE = YES;
				CLANG_WARN_UNGUARDED_AVAILABILITY = YES_AGGRESSIVE;
				CLANG_WARN_UNREACHABLE_CODE = YES;
				CLANG_WARN__DUPLICATE_METHOD_MATCH = YES;
				COPY_PHASE_STRIP = NO;
				DEBUG_INFORMATION_FORMAT = dwarf;
				ENABLE_STRICT_OBJC_MSGSEND = YES;
				ENABLE_TESTABILITY = YES;
				GCC_C_LANGUAGE_STANDARD = gnu11;
				GCC_DYNAMIC_NO_PIC = NO;
				GCC_NO_COMMON_BLOCKS = YES;
				GCC_OPTIMIZATION_LEVEL = 0;
				GCC_PREPROCESSOR_DEFINITIONS = (
					"DEBUG=1",
					"$(inherited)",
				);
				GCC_WARN_64_TO_32_BIT_CONVERSION = YES;
				GCC_WARN_ABOUT_RETURN_TYPE = YES_ERROR;
				GCC_WARN_UNDECLARED_SELECTOR = YES;
				GCC_WARN_UNINITIALIZED_AUTOS = YES_AGGRESSIVE;
				GCC_WARN_UNUSED_FUNCTION = YES;
				GCC_WARN_UNUSED_VARIABLE = YES;
				INFOPLIST_KEY_UIUserInterfaceStyle = Light;
				IPHONEOS_DEPLOYMENT_TARGET = 15.5;
				MTL_ENABLE_DEBUG_INFO = INCLUDE_SOURCE;
				MTL_FAST_MATH = YES;
				ONLY_ACTIVE_ARCH = YES;
				SDKROOT = iphoneos;
				SWIFT_ACTIVE_COMPILATION_CONDITIONS = DEBUG;
				SWIFT_OPTIMIZATION_LEVEL = "-Onone";
			};
			name = Debug;
		};
		4093B96628CE249700142DD3 /* Release */ = {
			isa = XCBuildConfiguration;
			buildSettings = {
				ALWAYS_SEARCH_USER_PATHS = NO;
				ASSETCATALOG_COMPILER_GLOBAL_ACCENT_COLOR_NAME = "";
				CLANG_ANALYZER_NONNULL = YES;
				CLANG_ANALYZER_NUMBER_OBJECT_CONVERSION = YES_AGGRESSIVE;
				CLANG_CXX_LANGUAGE_STANDARD = "gnu++17";
				CLANG_ENABLE_MODULES = YES;
				CLANG_ENABLE_OBJC_ARC = YES;
				CLANG_ENABLE_OBJC_WEAK = YES;
				CLANG_WARN_BLOCK_CAPTURE_AUTORELEASING = YES;
				CLANG_WARN_BOOL_CONVERSION = YES;
				CLANG_WARN_COMMA = YES;
				CLANG_WARN_CONSTANT_CONVERSION = YES;
				CLANG_WARN_DEPRECATED_OBJC_IMPLEMENTATIONS = YES;
				CLANG_WARN_DIRECT_OBJC_ISA_USAGE = YES_ERROR;
				CLANG_WARN_DOCUMENTATION_COMMENTS = YES;
				CLANG_WARN_EMPTY_BODY = YES;
				CLANG_WARN_ENUM_CONVERSION = YES;
				CLANG_WARN_INFINITE_RECURSION = YES;
				CLANG_WARN_INT_CONVERSION = YES;
				CLANG_WARN_NON_LITERAL_NULL_CONVERSION = YES;
				CLANG_WARN_OBJC_IMPLICIT_RETAIN_SELF = YES;
				CLANG_WARN_OBJC_LITERAL_CONVERSION = YES;
				CLANG_WARN_OBJC_ROOT_CLASS = YES_ERROR;
				CLANG_WARN_QUOTED_INCLUDE_IN_FRAMEWORK_HEADER = YES;
				CLANG_WARN_RANGE_LOOP_ANALYSIS = YES;
				CLANG_WARN_STRICT_PROTOTYPES = YES;
				CLANG_WARN_SUSPICIOUS_MOVE = YES;
				CLANG_WARN_UNGUARDED_AVAILABILITY = YES_AGGRESSIVE;
				CLANG_WARN_UNREACHABLE_CODE = YES;
				CLANG_WARN__DUPLICATE_METHOD_MATCH = YES;
				COPY_PHASE_STRIP = NO;
				DEBUG_INFORMATION_FORMAT = "dwarf-with-dsym";
				ENABLE_NS_ASSERTIONS = NO;
				ENABLE_STRICT_OBJC_MSGSEND = YES;
				GCC_C_LANGUAGE_STANDARD = gnu11;
				GCC_NO_COMMON_BLOCKS = YES;
				GCC_WARN_64_TO_32_BIT_CONVERSION = YES;
				GCC_WARN_ABOUT_RETURN_TYPE = YES_ERROR;
				GCC_WARN_UNDECLARED_SELECTOR = YES;
				GCC_WARN_UNINITIALIZED_AUTOS = YES_AGGRESSIVE;
				GCC_WARN_UNUSED_FUNCTION = YES;
				GCC_WARN_UNUSED_VARIABLE = YES;
				INFOPLIST_KEY_UIUserInterfaceStyle = Light;
				IPHONEOS_DEPLOYMENT_TARGET = 15.5;
				MTL_ENABLE_DEBUG_INFO = NO;
				MTL_FAST_MATH = YES;
				SDKROOT = iphoneos;
				SWIFT_COMPILATION_MODE = wholemodule;
				SWIFT_OPTIMIZATION_LEVEL = "-O";
				VALIDATE_PRODUCT = YES;
			};
			name = Release;
		};
		4093B96828CE249700142DD3 /* Debug */ = {
			isa = XCBuildConfiguration;
			buildSettings = {
				ASSETCATALOG_COMPILER_APPICON_NAME = AppIcon;
				CODE_SIGN_IDENTITY = "Apple Development";
				CODE_SIGN_STYLE = Automatic;
				CURRENT_PROJECT_VERSION = 1;
				DEVELOPMENT_TEAM = ZB4WP9Z9N6;
				GENERATE_INFOPLIST_FILE = YES;
				INFOPLIST_FILE = "iOS Capability Final Project/Info.plist";
				INFOPLIST_KEY_UIApplicationSupportsIndirectInputEvents = YES;
				INFOPLIST_KEY_UILaunchStoryboardName = LaunchScreen;
				INFOPLIST_KEY_UIMainStoryboardFile = Main;
				INFOPLIST_KEY_UISupportedInterfaceOrientations_iPad = "UIInterfaceOrientationPortrait UIInterfaceOrientationPortraitUpsideDown UIInterfaceOrientationLandscapeLeft UIInterfaceOrientationLandscapeRight";
				INFOPLIST_KEY_UISupportedInterfaceOrientations_iPhone = "UIInterfaceOrientationPortrait UIInterfaceOrientationLandscapeLeft UIInterfaceOrientationLandscapeRight";
				LD_RUNPATH_SEARCH_PATHS = (
					"$(inherited)",
					"@executable_path/Frameworks",
				);
				MARKETING_VERSION = 1.0;
				PRODUCT_BUNDLE_IDENTIFIER = "com.jeoffersondelapena.iOS-Capability-Final-Project";
				PRODUCT_NAME = "$(TARGET_NAME)";
				PROVISIONING_PROFILE_SPECIFIER = "";
				SWIFT_EMIT_LOC_STRINGS = YES;
				SWIFT_VERSION = 5.0;
				TARGETED_DEVICE_FAMILY = "1,2";
			};
			name = Debug;
		};
		4093B96928CE249700142DD3 /* Release */ = {
			isa = XCBuildConfiguration;
			buildSettings = {
				ASSETCATALOG_COMPILER_APPICON_NAME = AppIcon;
				CODE_SIGN_IDENTITY = "Apple Development";
				CODE_SIGN_STYLE = Automatic;
				CURRENT_PROJECT_VERSION = 1;
				DEVELOPMENT_TEAM = ZB4WP9Z9N6;
				GENERATE_INFOPLIST_FILE = YES;
				INFOPLIST_FILE = "iOS Capability Final Project/Info.plist";
				INFOPLIST_KEY_UIApplicationSupportsIndirectInputEvents = YES;
				INFOPLIST_KEY_UILaunchStoryboardName = LaunchScreen;
				INFOPLIST_KEY_UIMainStoryboardFile = Main;
				INFOPLIST_KEY_UISupportedInterfaceOrientations_iPad = "UIInterfaceOrientationPortrait UIInterfaceOrientationPortraitUpsideDown UIInterfaceOrientationLandscapeLeft UIInterfaceOrientationLandscapeRight";
				INFOPLIST_KEY_UISupportedInterfaceOrientations_iPhone = "UIInterfaceOrientationPortrait UIInterfaceOrientationLandscapeLeft UIInterfaceOrientationLandscapeRight";
				LD_RUNPATH_SEARCH_PATHS = (
					"$(inherited)",
					"@executable_path/Frameworks",
				);
				MARKETING_VERSION = 1.0;
				PRODUCT_BUNDLE_IDENTIFIER = "com.jeoffersondelapena.iOS-Capability-Final-Project";
				PRODUCT_NAME = "$(TARGET_NAME)";
				PROVISIONING_PROFILE_SPECIFIER = "";
				SWIFT_EMIT_LOC_STRINGS = YES;
				SWIFT_VERSION = 5.0;
				TARGETED_DEVICE_FAMILY = "1,2";
			};
			name = Release;
		};
/* End XCBuildConfiguration section */

/* Begin XCConfigurationList section */
		4093B94B28CE249400142DD3 /* Build configuration list for PBXProject "iOS Capability Final Project" */ = {
			isa = XCConfigurationList;
			buildConfigurations = (
				4093B96528CE249700142DD3 /* Debug */,
				4093B96628CE249700142DD3 /* Release */,
			);
			defaultConfigurationIsVisible = 0;
			defaultConfigurationName = Release;
		};
		4093B96728CE249700142DD3 /* Build configuration list for PBXNativeTarget "iOS Capability Final Project" */ = {
			isa = XCConfigurationList;
			buildConfigurations = (
				4093B96828CE249700142DD3 /* Debug */,
				4093B96928CE249700142DD3 /* Release */,
			);
			defaultConfigurationIsVisible = 0;
			defaultConfigurationName = Release;
		};
/* End XCConfigurationList section */

/* Begin XCVersionGroup section */
		4093B95C28CE249400142DD3 /* iOS_Capability_Final_Project.xcdatamodeld */ = {
			isa = XCVersionGroup;
			children = (
				4093B95D28CE249400142DD3 /* iOS_Capability_Final_Project.xcdatamodel */,
			);
			currentVersion = 4093B95D28CE249400142DD3 /* iOS_Capability_Final_Project.xcdatamodel */;
			path = iOS_Capability_Final_Project.xcdatamodeld;
			sourceTree = "<group>";
			versionGroupType = wrapper.xcdatamodel;
		};
/* End XCVersionGroup section */
	};
	rootObject = 4093B94828CE249400142DD3 /* Project object */;
}
